
Microsoft Visual Studio Solution File, Format Version 12.00
# Visual Studio Version 17
VisualStudioVersion = 17.1.32407.343
MinimumVisualStudioVersion = 10.0.40219.1
Project("{9A19103F-16F7-4668-BE54-9A1E7A4F7556}") = "GraphQLExample", "GraphQLExample.csproj", "{CFB4F539-E47A-4B80-81F0-74406B43437C}"
EndProject
Global
	GlobalSection(SolutionConfigurationPlatforms) = preSolution
		Debug|Any CPU = Debug|Any CPU
		Release|Any CPU = Release|Any CPU
	EndGlobalSection
	GlobalSection(ProjectConfigurationPlatforms) = postSolution
		{CFB4F539-E47A-4B80-81F0-74406B43437C}.Debug|Any CPU.ActiveCfg = Debug|Any CPU
		{CFB4F539-E47A-4B80-81F0-74406B43437C}.Debug|Any CPU.Build.0 = Debug|Any CPU
		{CFB4F539-E47A-4B80-81F0-74406B43437C}.Release|Any CPU.ActiveCfg = Release|Any CPU
		{CFB4F539-E47A-4B80-81F0-74406B43437C}.Release|Any CPU.Build.0 = Release|Any CPU
	EndGlobalSection
	GlobalSection(SolutionProperties) = preSolution
		HideSolutionNode = FALSE
	EndGlobalSection
	GlobalSection(ExtensibilityGlobals) = postSolution
		SolutionGuid = {C01AA2BC-D980-498C-9EE6-C9303FCB9F46}
	EndGlobalSection
EndGlobal
